
Microsoft Visual Studio Solution File, Format Version 12.00
# Visual Studio Version 17
VisualStudioVersion = 17.0.32014.148
MinimumVisualStudioVersion = 10.0.40219.1
Project("{9A19103F-16F7-4668-BE54-9A1E7A4F7556}") = "TreeChat", "TreeChat.csproj", "{5B0BE395-9675-46C4-A2F0-4597F975FB2A}"
EndProject
Global
	GlobalSection(SolutionConfigurationPlatforms) = preSolution
		Debug|Any CPU = Debug|Any CPU
		Release|Any CPU = Release|Any CPU
	EndGlobalSection
	GlobalSection(ProjectConfigurationPlatforms) = postSolution
		{5B0BE395-9675-46C4-A2F0-4597F975FB2A}.Debug|Any CPU.ActiveCfg = Debug|Any CPU
		{5B0BE395-9675-46C4-A2F0-4597F975FB2A}.Debug|Any CPU.Build.0 = Debug|Any CPU
		{5B0BE395-9675-46C4-A2F0-4597F975FB2A}.Release|Any CPU.ActiveCfg = Release|Any CPU
		{5B0BE395-9675-46C4-A2F0-4597F975FB2A}.Release|Any CPU.Build.0 = Release|Any CPU
	EndGlobalSection
	GlobalSection(SolutionProperties) = preSolution
		HideSolutionNode = FALSE
	EndGlobalSection
	GlobalSection(ExtensibilityGlobals) = postSolution
		SolutionGuid = {5065E308-7AB9-40FC-8A0F-03DABCD8CE6D}
	EndGlobalSection
EndGlobal
